{
  "lockfileVersion": 1,
  "configVersion": 1,
  "workspaces": {
    "": {
      "name": "gradido2",
      "devDependencies": {
        "@biomejs/biome": "2.4.16",
        "turbo": "2.10.5",
      },
    },
    "packages/backend": {
      "name": "backend",
    },
    "packages/backend-core": {
      "name": "backend-core",
    },
    "packages/shared": {
      "name": "shared",
    },
    "packages/shared-native": {
      "name": "shared-native",
      "devDependencies": {
        "c-cpp-zig-build": "0.2.0",
      },
    },
  },
  "packages": {
    "@biomejs/biome": ["@biomejs/biome@2.4.16", "", { "optionalDependencies": { "@biomejs/cli-darwin-arm64": "2.4.16", "@biomejs/cli-darwin-x64": "2.4.16", "@biomejs/cli-linux-arm64": "2.4.16", "@biomejs/cli-linux-arm64-musl": "2.4.16", "@biomejs/cli-linux-x64": "2.4.16", "@biomejs/cli-linux-x64-musl": "2.4.16", "@biomejs/cli-win32-arm64": "2.4.16", "@biomejs/cli-win32-x64": "2.4.16" }, "bin": { "biome": "bin/biome" } }, "sha512-x9ajFh1zChVybCiM3TN6OD4phAqLgtPZjFrZF+aTMYCPjwBO+k529TX7PPsAqtGNLeV4UgzwQnowEgS7bGmzcA=="],

    "@biomejs/cli-darwin-arm64": ["@biomejs/cli-darwin-arm64@2.4.16", "", { "os": "darwin", "cpu": "arm64" }, "sha512-wxPvu4XOA85YJk9ixSWUmq/QBHbid85BISbOAqqBM/5xQpPk9ayjk5375tOlSC0BeCwNSbPFafQBm+vBumXq0A=="],

    "@biomejs/cli-darwin-x64": ["@biomejs/cli-darwin-x64@2.4.16", "", { "os": "darwin", "cpu": "x64" }, "sha512-xFCqGPwYusQJp4N4NJLi1XJiZqjwFdjhT+KqtNy+Ug3qgfczqnTa6MSDvxJF6TkuDLoYJItMapz6tAf7kCekFw=="],

    "@biomejs/cli-linux-arm64": ["@biomejs/cli-linux-arm64@2.4.16", "", { "os": "linux", "cpu": "arm64" }, "sha512-2kFb4//jxfZaP6D+Rj5VkHkxgyD9EoRAVBEQb8PKRv+s4NO2zYNJKXFaJmK1CmhufJOWEfpHKaRbOja7qjmdhQ=="],

    "@biomejs/cli-linux-arm64-musl": ["@biomejs/cli-linux-arm64-musl@2.4.16", "", { "os": "linux", "cpu": "arm64" }, "sha512-oYxnW0ARfJkr72ezzF2OR8N/rtkgLUQeYtF8cFhVswbknHxtTcmzSsanVJP8yQKnGpGpc2ck6c5zLvHahL6Cbg=="],

    "@biomejs/cli-linux-x64": ["@biomejs/cli-linux-x64@2.4.16", "", { "os": "linux", "cpu": "x64" }, "sha512-NbcBbi/nJqn5baae6wqRXdS7Gadf2uRpehSh6vMSYpG8OhkXl/Xg8aorWrJ+9VWqAT5ml90alLvorkpMW0nBwQ=="],

    "@biomejs/cli-linux-x64-musl": ["@biomejs/cli-linux-x64-musl@2.4.16", "", { "os": "linux", "cpu": "x64" }, "sha512-iHDS+MCM65DPqWGu+ECC3uoALyj2H7F4nVUPxIPjz/PIl94EUu+EDfGZDzFP+NY1EOPVt9NQvwFqq7HdMmowdg=="],

    "@biomejs/cli-win32-arm64": ["@biomejs/cli-win32-arm64@2.4.16", "", { "os": "win32", "cpu": "arm64" }, "sha512-0rgImMsNb5v/chhkIFe3wu7PEFClS6RBAYUijGL9UsYN3PanSaoK24HSSuSJb1pYbYYVjzAyZTl3gtjJ84BM8A=="],

    "@biomejs/cli-win32-x64": ["@biomejs/cli-win32-x64@2.4.16", "", { "os": "win32", "cpu": "x64" }, "sha512-Kp85jgoBHa05gix6UIRjfCDiUV3w/8VIdZ247VyyO2gEjaw12WEVhdIjlxp/AMzXxqxQwbxNTDVZ3Mwd2RG5rw=="],

    "@turbo/darwin-64": ["@turbo/darwin-64@2.10.5", "", { "os": "darwin", "cpu": "x64" }, "sha512-ENvPwy3x5yS7MwNYHeWjqOBXkwIMp39Pd+/zXC6PoiNzF8EIvvLZOZZ+ny6L9x4WgS5vxUii2LM5gM+zjPdnWw=="],

    "@turbo/darwin-arm64": ["@turbo/darwin-arm64@2.10.5", "", { "os": "darwin", "cpu": "arm64" }, "sha512-rqROo9zsF/P9RqsdtbLD1nFJicjSrYyvQ9kNJC38AbxA3pAs6VAlATvtvOFx7bqOv6vicf20SP9kF33avJjy2w=="],

    "@turbo/linux-64": ["@turbo/linux-64@2.10.5", "", { "os": "linux", "cpu": "x64" }, "sha512-RoSSiNFUxi27zLJuM9F6GyWWjHgLch9t6nwD6K0FkXRirZkTLlzIj6IhFnK8H9++nefLtdFqylE4vGjZAv6AAA=="],

    "@turbo/linux-arm64": ["@turbo/linux-arm64@2.10.5", "", { "os": "linux", "cpu": "arm64" }, "sha512-4ZComcpzmHGmVynQqvvi+iZOSq/tBvY1SltXB8g4NZRsrA01W8E+yRL8RNM+PLoyWsrCnJa8xa+DkWkv+xg4iQ=="],

    "@turbo/windows-64": ["@turbo/windows-64@2.10.5", "", { "os": "win32", "cpu": "x64" }, "sha512-eL2Iyj4DbMINq1Sr1w0iAi6nAiZOF16KSlRGwCJpVh+IWZeY33MAsLHVOBMj1xoFtncVJXclCVpTPL2nBoYkFg=="],

    "@turbo/windows-arm64": ["@turbo/windows-arm64@2.10.5", "", { "os": "win32", "cpu": "arm64" }, "sha512-sog+wP+8YSJrdWZ/rUJg8xghVTrwoG+BrSlDQpnK5fzSgJHn1INRWXbVWRH0d3vX8dBI01E3yxXRre9Dn+OXQA=="],

    "backend": ["backend@workspace:packages/backend"],

    "backend-core": ["backend-core@workspace:packages/backend-core"],

    "c-cpp-zig-build": ["c-cpp-zig-build@0.2.0", "", { "dependencies": { "node-addon-api": "8.9.2", "node-api-headers": "1.9.0" }, "bin": { "c-cpp-zig-build": "lib/cli.js", "czb": "lib/cli.js" } }, "sha512-20a7Z3R2W/ZM5UogCRnKKD0367uqBAs7pN0YZiiFYS5FUZTbsBB8cuhOgm21jaWo5TWwYCPQfNpHWjSTBA3J2w=="],

    "node-addon-api": ["node-addon-api@8.9.2", "", {}, "sha512-VijLXbi3UACN69I0JVXJsX4tjACjNoQDgv2gTF6sx2wWEi8tkSg2eX8p5gSIFi8z2+DL3oHmY6OyKce38SDolg=="],

    "node-api-headers": ["node-api-headers@1.9.0", "", {}, "sha512-2oNILP4jXwRB4ywnYKjVk1YyJ96n2D4EOVJO6S3oYZ5PtbJrw3Yt9TpAuX3nBLMuzn74rnfGQrv13pS9vC+YiA=="],

    "shared": ["shared@workspace:packages/shared"],

    "shared-native": ["shared-native@workspace:packages/shared-native"],

    "turbo": ["turbo@2.10.5", "", { "optionalDependencies": { "@turbo/darwin-64": "2.10.5", "@turbo/darwin-arm64": "2.10.5", "@turbo/linux-64": "2.10.5", "@turbo/linux-arm64": "2.10.5", "@turbo/windows-64": "2.10.5", "@turbo/windows-arm64": "2.10.5" }, "bin": { "turbo": "bin/turbo" } }, "sha512-07Y/C7OUp23l4P92PJoYtFNbHjLhftrZH5Ce7dbczS4kX2Re+wtbXvZLoxn/pUtzgsQaRCBaRuZPJp4zmAn0WQ=="],
  }
}
